Microsoft Visual Studio Solution File, Format Version 12.00
# Visual Studio Version 17
VisualStudioVersion = 17.5.2.0
MinimumVisualStudioVersion = 10.0.40219.1
Project("{2150E333-8FDC-42A3-9474-1A3956D46DE8}") = "demos", "demos", "{FA8A28C8-4B59-8028-2ACF-626D05B08DB7}"
EndProject
Project("{2150E333-8FDC-42A3-9474-1A3956D46DE8}") = "always-encrypted", "always-encrypted", "{CF38934E-3A24-3F5D-7F3D-7F7750D1DC8D}"
EndProject
Project("{FAE04EC0-301F-11D3-BF4B-00C04F79EFBC}") = "PachaChiffre", "demos\always-encrypted\PachaChiffre\PachaChiffre.csproj", "{E42F0495-78C8-1539-BA65-FB1F97809EDF}"
EndProject
Global
	GlobalSection(SolutionConfigurationPlatforms) = preSolution
		Debug|Any CPU = Debug|Any CPU
		Release|Any CPU = Release|Any CPU
	EndGlobalSection
	GlobalSection(ProjectConfigurationPlatforms) = postSolution
		{E42F0495-78C8-1539-BA65-FB1F97809EDF}.Debug|Any CPU.ActiveCfg = Debug|Any CPU
		{E42F0495-78C8-1539-BA65-FB1F97809EDF}.Debug|Any CPU.Build.0 = Debug|Any CPU
		{E42F0495-78C8-1539-BA65-FB1F97809EDF}.Release|Any CPU.ActiveCfg = Release|Any CPU
		{E42F0495-78C8-1539-BA65-FB1F97809EDF}.Release|Any CPU.Build.0 = Release|Any CPU
	EndGlobalSection
	GlobalSection(SolutionProperties) = preSolution
		HideSolutionNode = FALSE
	EndGlobalSection
	GlobalSection(NestedProjects) = preSolution
		{CF38934E-3A24-3F5D-7F3D-7F7750D1DC8D} = {FA8A28C8-4B59-8028-2ACF-626D05B08DB7}
		{E42F0495-78C8-1539-BA65-FB1F97809EDF} = {CF38934E-3A24-3F5D-7F3D-7F7750D1DC8D}
	EndGlobalSection
	GlobalSection(ExtensibilityGlobals) = postSolution
		SolutionGuid = {0E8E24AA-C56B-4777-89FB-A8D53C3EDA1F}
	EndGlobalSection
EndGlobal
